
Microsoft Visual Studio Solution File, Format Version 12.00
# Visual Studio Version 17
VisualStudioVersion = 17.14.36109.1 d17.14
MinimumVisualStudioVersion = 10.0.40219.1
Project("{FAE04EC0-301F-11D3-BF4B-00C04F79EFBC}") = "TheBnuyMemeCollection", "TheBnuyMemeCollection.csproj", "{806289BF-901C-5659-E737-05E26CCB7109}"
EndProject
Global
	GlobalSection(SolutionConfigurationPlatforms) = preSolution
		Debug|Any CPU = Debug|Any CPU
		Release|Any CPU = Release|Any CPU
	EndGlobalSection
	GlobalSection(ProjectConfigurationPlatforms) = postSolution
		{806289BF-901C-5659-E737-05E26CCB7109}.Debug|Any CPU.ActiveCfg = Debug|Any CPU
		{806289BF-901C-5659-E737-05E26CCB7109}.Debug|Any CPU.Build.0 = Debug|Any CPU
		{806289BF-901C-5659-E737-05E26CCB7109}.Release|Any CPU.ActiveCfg = Release|Any CPU
		{806289BF-901C-5659-E737-05E26CCB7109}.Release|Any CPU.Build.0 = Release|Any CPU
	EndGlobalSection
	GlobalSection(SolutionProperties) = preSolution
		HideSolutionNode = FALSE
	EndGlobalSection
	GlobalSection(ExtensibilityGlobals) = postSolution
		SolutionGuid = {FF5BB64D-3193-47F4-97B3-349E40D35DBD}
	EndGlobalSection
EndGlobal
